// !$*UTF8*$!
{
	archiveVersion = 1;
	classes = {
	};
	objectVersion = 50;
	objects = {

/* Begin PBXBuildFile section */
		0794EA9926CBBC000039DCBD /* trainingApp.swift in Sources */ = {isa = PBXBuildFile; fileRef = 0794EA9826CBBC000039DCBD /* trainingApp.swift */; };
		0794EA9B26CBBC000039DCBD /* ContentView.swift in Sources */ = {isa = PBXBuildFile; fileRef = 0794EA9A26CBBC000039DCBD /* ContentView.swift */; };
		0794EA9D26CBBC010039DCBD /* Assets.xcassets in Resources */ = {isa = PBXBuildFile; fileRef = 0794EA9C26CBBC010039DCBD /* Assets.xcassets */; };
		0794EAA026CBBC010039DCBD /* Preview Assets.xcassets in Resources */ = {isa = PBXBuildFile; fileRef = 0794EA9F26CBBC010039DCBD /* Preview Assets.xcassets */; };
		0794EAAB26CBBC010039DCBD /* trainingTests.swift in Sources */ = {isa = PBXBuildFile; fileRef = 0794EAAA26CBBC010039DCBD /* trainingTests.swift */; };
		0794EAB626CBBC010039DCBD /* trainingUITests.swift in Sources */ = {isa = PBXBuildFile; fileRef = 0794EAB526CBBC010039DCBD /* trainingUITests.swift */; };
/* End PBXBuildFile section */

/* Begin PBXContainerItemProxy section */
		0794EAA726CBBC010039DCBD /* PBXContainerItemProxy */ = {
			isa = PBXContainerItemProxy;
			containerPortal = 0794EA8D26CBBC000039DCBD /* Project object */;
			proxyType = 1;
			remoteGlobalIDString = 0794EA9426CBBC000039DCBD;
			remoteInfo = training;
		};
		0794EAB226CBBC010039DCBD /* PBXContainerItemProxy */ = {
			isa = PBXContainerItemProxy;
			containerPortal = 0794EA8D26CBBC000039DCBD /* Project object */;
			proxyType = 1;
			remoteGlobalIDString = 0794EA9426CBBC000039DCBD;
			remoteInfo = training;
		};
/* End PBXContainerItemProxy section */

/* Begin PBXFileReference section */
		0794EA9526CBBC000039DCBD /* training.app */ = {isa = PBXFileReference; explicitFileType = wrapper.application; includeInIndex = 0; path = training.app; sourceTree = BUILT_PRODUCTS_DIR; };
		0794EA9826CBBC000039DCBD /* trainingApp.swift */ = {isa = PBXFileReference; lastKnownFileType = sourcecode.swift; path = trainingApp.swift; sourceTree = "<group>"; };
		0794EA9A26CBBC000039DCBD /* ContentView.swift */ = {isa = PBXFileReference; lastKnownFileType = sourcecode.swift; path = ContentView.swift; sourceTree = "<group>"; };
		0794EA9C26CBBC010039DCBD /* Assets.xcassets */ = {isa = PBXFileReference; lastKnownFileType = folder.assetcatalog; path = Assets.xcassets; sourceTree = "<group>"; };
		0794EA9F26CBBC010039DCBD /* Preview Assets.xcassets */ = {isa = PBXFileReference; lastKnownFileType = folder.assetcatalog; path = "Preview Assets.xcassets"; sourceTree = "<group>"; };
		0794EAA126CBBC010039DCBD /* Info.plist */ = {isa = PBXFileReference; lastKnownFileType = text.plist.xml; path = Info.plist; sourceTree = "<group>"; };
		0794EAA626CBBC010039DCBD /* trainingTests.xctest */ = {isa = PBXFileReference; explicitFileType = wrapper.cfbundle; includeInIndex = 0; path = trainingTests.xctest; sourceTree = BUILT_PRODUCTS_DIR; };
		0794EAAA26CBBC010039DCBD /* trainingTests.swift */ = {isa = PBXFileReference; lastKnownFileType = sourcecode.swift; path = trainingTests.swift; sourceTree = "<group>"; };
		0794EAAC26CBBC010039DCBD /* Info.plist */ = {isa = PBXFileReference; lastKnownFileType = text.plist.xml; path = Info.plist; sourceTree = "<group>"; };
		0794EAB126CBBC010039DCBD /* trainingUITests.xctest */ = {isa = PBXFileReference; explicitFileType = wrapper.cfbundle; includeInIndex = 0; path = trainingUITests.xctest; sourceTree = BUILT_PRODUCTS_DIR; };
		0794EAB526CBBC010039DCBD /* trainingUITests.swift */ = {isa = PBXFileReference; lastKnownFileType = sourcecode.swift; path = trainingUITests.swift; sourceTree = "<group>"; };
		0794EAB726CBBC010039DCBD /* Info.plist */ = {isa = PBXFileReference; lastKnownFileType = text.plist.xml; path = Info.plist; sourceTree = "<group>"; };
/* End PBXFileReference section */

/* Begin PBXFrameworksBuildPhase section */
		0794EA9226CBBC000039DCBD /* Frameworks */ = {
			isa = PBXFrameworksBuildPhase;
			buildActionMask = 2147483647;
			files = (
			);
			runOnlyForDeploymentPostprocessing = 0;
		};
		0794EAA326CBBC010039DCBD /* Frameworks */ = {
			isa = PBXFrameworksBuildPhase;
			buildActionMask = 2147483647;
			files = (
			);
			runOnlyForDeploymentPostprocessing = 0;
		};
		0794EAAE26CBBC010039DCBD /* Frameworks */ = {
			isa = PBXFrameworksBuildPhase;
			buildActionMask = 2147483647;
			files = (
			);
			runOnlyForDeploymentPostprocessing = 0;
		};
/* End PBXFrameworksBuildPhase section */

/* Begin PBXGroup section */
		0794EA8C26CBBC000039DCBD = {
			isa = PBXGroup;
			children = (
				0794EA9726CBBC000039DCBD /* training */,
				0794EAA926CBBC010039DCBD /* trainingTests */,
				0794EAB426CBBC010039DCBD /* trainingUITests */,
				0794EA9626CBBC000039DCBD /* Products */,
			);
			sourceTree = "<group>";
		};
		0794EA9626CBBC000039DCBD /* Products */ = {
			isa = PBXGroup;
			children = (
				0794EA9526CBBC000039DCBD /* training.app */,
				0794EAA626CBBC010039DCBD /* trainingTests.xctest */,
				0794EAB126CBBC010039DCBD /* trainingUITests.xctest */,
			);
			name = Products;
			sourceTree = "<group>";
		};
		0794EA9726CBBC000039DCBD /* training */ = {
			isa = PBXGroup;
			children = (
				0794EA9826CBBC000039DCBD /* trainingApp.swift */,
				0794EA9A26CBBC000039DCBD /* ContentView.swift */,
				0794EA9C26CBBC010039DCBD /* Assets.xcassets */,
				0794EAA126CBBC010039DCBD /* Info.plist */,
				0794EA9E26CBBC010039DCBD /* Preview Content */,
			);
			path = training;
			sourceTree = "<group>";
		};
		0794EA9E26CBBC010039DCBD /* Preview Content */ = {
			isa = PBXGroup;
			children = (
				0794EA9F26CBBC010039DCBD /* Preview Assets.xcassets */,
			);
			path = "Preview Content";
			sourceTree = "<group>";
		};
		0794EAA926CBBC010039DCBD /* trainingTests */ = {
			isa = PBXGroup;
			children = (
				0794EAAA26CBBC010039DCBD /* trainingTests.swift */,
				0794EAAC26CBBC010039DCBD /* Info.plist */,
			);
			path = trainingTests;
			sourceTree = "<group>";
		};
		0794EAB426CBBC010039DCBD /* trainingUITests */ = {
			isa = PBXGroup;
			children = (
				0794EAB526CBBC010039DCBD /* trainingUITests.swift */,
				0794EAB726CBBC010039DCBD /* Info.plist */,
			);
			path = trainingUITests;
			sourceTree = "<group>";
		};
/* End PBXGroup section */

/* Begin PBXNativeTarget section */
		0794EA9426CBBC000039DCBD /* training */ = {
			isa = PBXNativeTarget;
			buildConfigurationList = 0794EABA26CBBC010039DCBD /* Build configuration list for PBXNativeTarget "training" */;
			buildPhases = (
				0794EA9126CBBC000039DCBD /* Sources */,
				0794EA9226CBBC000039DCBD /* Frameworks */,
				0794EA9326CBBC000039DCBD /* Resources */,
			);
			buildRules = (
			);
			dependencies = (
			);
			name = training;
			productName = training;
			productReference = 0794EA9526CBBC000039DCBD /* training.app */;
			productType = "com.apple.product-type.application";
		};
		0794EAA526CBBC010039DCBD /* trainingTests */ = {
			isa = PBXNativeTarget;
			buildConfigurationList = 0794EABD26CBBC010039DCBD /* Build configuration list for PBXNativeTarget "trainingTests" */;
			buildPhases = (
				0794EAA226CBBC010039DCBD /* Sources */,
				0794EAA326CBBC010039DCBD /* Frameworks */,
				0794EAA426CBBC010039DCBD /* Resources */,
			);
			buildRules = (
			);
			dependencies = (
				0794EAA826CBBC010039DCBD /* PBXTargetDependency */,
			);
			name = trainingTests;
			productName = trainingTests;
			productReference = 0794EAA626CBBC010039DCBD /* trainingTests.xctest */;
			productType = "com.apple.product-type.bundle.unit-test";
		};
		0794EAB026CBBC010039DCBD /* trainingUITests */ = {
			isa = PBXNativeTarget;
			buildConfigurationList = 0794EAC026CBBC010039DCBD /* Build configuration list for PBXNativeTarget "trainingUITests" */;
			buildPhases = (
				0794EAAD26CBBC010039DCBD /* Sources */,
				0794EAAE26CBBC010039DCBD /* Frameworks */,
				0794EAAF26CBBC010039DCBD /* Resources */,
			);
			buildRules = (
			);
			dependencies = (
				0794EAB326CBBC010039DCBD /* PBXTargetDependency */,
			);
			name = trainingUITests;
			productName = trainingUITests;
			productReference = 0794EAB126CBBC010039DCBD /* trainingUITests.xctest */;
			productType = "com.apple.product-type.bundle.ui-testing";
		};
/* End PBXNativeTarget section */

/* Begin PBXProject section */
		0794EA8D26CBBC000039DCBD /* Project object */ = {
			isa = PBXProject;
			attributes = {
				LastSwiftUpdateCheck = 1250;
				LastUpgradeCheck = 1250;
				TargetAttributes = {
					0794EA9426CBBC000039DCBD = {
						CreatedOnToolsVersion = 12.5.1;
					};
					0794EAA526CBBC010039DCBD = {
						CreatedOnToolsVersion = 12.5.1;
						TestTargetID = 0794EA9426CBBC000039DCBD;
					};
					0794EAB026CBBC010039DCBD = {
						CreatedOnToolsVersion = 12.5.1;
						TestTargetID = 0794EA9426CBBC000039DCBD;
					};
				};
			};
			buildConfigurationList = 0794EA9026CBBC000039DCBD /* Build configuration list for PBXProject "training" */;
			compatibilityVersion = "Xcode 9.3";
			developmentRegion = en;
			hasScannedForEncodings = 0;
			knownRegions = (
				en,
				Base,
			);
			mainGroup = 0794EA8C26CBBC000039DCBD;
			productRefGroup = 0794EA9626CBBC000039DCBD /* Products */;
			projectDirPath = "";
			projectRoot = "";
			targets = (
				0794EA9426CBBC000039DCBD /* training */,
				0794EAA526CBBC010039DCBD /* trainingTests */,
				0794EAB026CBBC010039DCBD /* trainingUITests */,
			);
		};
/* End PBXProject section */

/* Begin PBXResourcesBuildPhase section */
		0794EA9326CBBC000039DCBD /* Resources */ = {
			isa = PBXResourcesBuildPhase;
			buildActionMask = 2147483647;
			files = (
				0794EAA026CBBC010039DCBD /* Preview Assets.xcassets in Resources */,
				0794EA9D26CBBC010039DCBD /* Assets.xcassets in Resources */,
			);
			runOnlyForDeploymentPostprocessing = 0;
		};
		0794EAA426CBBC010039DCBD /* Resources */ = {
			isa = PBXResourcesBuildPhase;
			buildActionMask = 2147483647;
			files = (
			);
			runOnlyForDeploymentPostprocessing = 0;
		};
		0794EAAF26CBBC010039DCBD /* Resources */ = {
			isa = PBXResourcesBuildPhase;
			buildActionMask = 2147483647;
			files = (
			);
			runOnlyForDeploymentPostprocessing = 0;
		};
/* End PBXResourcesBuildPhase section */

/* Begin PBXSourcesBuildPhase section */
		0794EA9126CBBC000039DCBD /* Sources */ = {
			isa = PBXSourcesBuildPhase;
			buildActionMask = 2147483647;
			files = (
				0794EA9B26CBBC000039DCBD /* ContentView.swift in Sources */,
				0794EA9926CBBC000039DCBD /* trainingApp.swift in Sources */,
			);
			runOnlyForDeploymentPostprocessing = 0;
		};
		0794EAA226CBBC010039DCBD /* Sources */ = {
			isa = PBXSourcesBuildPhase;
			buildActionMask = 2147483647;
			files = (
				0794EAAB26CBBC010039DCBD /* trainingTests.swift in Sources */,
			);
			runOnlyForDeploymentPostprocessing = 0;
		};
		0794EAAD26CBBC010039DCBD /* Sources */ = {
			isa = PBXSourcesBuildPhase;
			buildActionMask = 2147483647;
			files = (
				0794EAB626CBBC010039DCBD /* trainingUITests.swift in Sources */,
			);
			runOnlyForDeploymentPostprocessing = 0;
		};
/* End PBXSourcesBuildPhase section */

/* Begin PBXTargetDependency section */
		0794EAA826CBBC010039DCBD /* PBXTargetDependency */ = {
			isa = PBXTargetDependency;
			target = 0794EA9426CBBC000039DCBD /* training */;
			targetProxy = 0794EAA726CBBC010039DCBD /* PBXContainerItemProxy */;
		};
		0794EAB326CBBC010039DCBD /* PBXTargetDependency */ = {
			isa = PBXTargetDependency;
			target = 0794EA9426CBBC000039DCBD /* training */;
			targetProxy = 0794EAB226CBBC010039DCBD /* PBXContainerItemProxy */;
		};
/* End PBXTargetDependency section */

/* Begin XCBuildConfiguration section */
		0794EAB826CBBC010039DCBD /* Debug */ = {
			isa = XCBuildConfiguration;
			buildSettings = {
				ALWAYS_SEARCH_USER_PATHS = NO;
				CLANG_ANALYZER_NONNULL = YES;
				CLANG_ANALYZER_NUMBER_OBJECT_CONVERSION = YES_AGGRESSIVE;
				CLANG_CXX_LANGUAGE_STANDARD = "gnu++14";
				CLANG_CXX_LIBRARY = "libc++";
				CLANG_ENABLE_MODULES = YES;
				CLANG_ENABLE_OBJC_ARC = YES;
				CLANG_ENABLE_OBJC_WEAK = YES;
				CLANG_WARN_BLOCK_CAPTURE_AUTORELEASING = YES;
				CLANG_WARN_BOOL_CONVERSION = YES;
				CLANG_WARN_COMMA = YES;
				CLANG_WARN_CONSTANT_CONVERSION = YES;
				CLANG_WARN_DEPRECATED_OBJC_IMPLEMENTATIONS = YES;
				CLANG_WARN_DIRECT_OBJC_ISA_USAGE = YES_ERROR;
				CLANG_WARN_DOCUMENTATION_COMMENTS = YES;
				CLANG_WARN_EMPTY_BODY = YES;
				CLANG_WARN_ENUM_CONVERSION = YES;
				CLANG_WARN_INFINITE_RECURSION = YES;
				CLANG_WARN_INT_CONVERSION = YES;
				CLANG_WARN_NON_LITERAL_NULL_CONVERSION = YES;
				CLANG_WARN_OBJC_IMPLICIT_RETAIN_SELF = YES;
				CLANG_WARN_OBJC_LITERAL_CONVERSION = YES;
				CLANG_WARN_OBJC_ROOT_CLASS = YES_ERROR;
				CLANG_WARN_QUOTED_INCLUDE_IN_FRAMEWORK_HEADER = YES;
				CLANG_WARN_RANGE_LOOP_ANALYSIS = YES;
				CLANG_WARN_STRICT_PROTOTYPES = YES;
				CLANG_WARN_SUSPICIOUS_MOVE = YES;
				CLANG_WARN_UNGUARDED_AVAILABILITY = YES_AGGRESSIVE;
				CLANG_WARN_UNREACHABLE_CODE = YES;
				CLANG_WARN__DUPLICATE_METHOD_MATCH = YES;
				COPY_PHASE_STRIP = NO;
				DEBUG_INFORMATION_FORMAT = dwarf;
				ENABLE_STRICT_OBJC_MSGSEND = YES;
				ENABLE_TESTABILITY = YES;
				GCC_C_LANGUAGE_STANDARD = gnu11;
				GCC_DYNAMIC_NO_PIC = NO;
				GCC_NO_COMMON_BLOCKS = YES;
				GCC_OPTIMIZATION_LEVEL = 0;
				GCC_PREPROCESSOR_DEFINITIONS = (
					"DEBUG=1",
					"$(inherited)",
				);
				GCC_WARN_64_TO_32_BIT_CONVERSION = YES;
				GCC_WARN_ABOUT_RETURN_TYPE = YES_ERROR;
				GCC_WARN_UNDECLARED_SELECTOR = YES;
				GCC_WARN_UNINITIALIZED_AUTOS = YES_AGGRESSIVE;
				GCC_WARN_UNUSED_FUNCTION = YES;
				GCC_WARN_UNUSED_VARIABLE = YES;
				IPHONEOS_DEPLOYMENT_TARGET = 14.5;
				MTL_ENABLE_DEBUG_INFO = INCLUDE_SOURCE;
				MTL_FAST_MATH = YES;
				ONLY_ACTIVE_ARCH = YES;
				SDKROOT = iphoneos;
				SWIFT_ACTIVE_COMPILATION_CONDITIONS = DEBUG;
				SWIFT_OPTIMIZATION_LEVEL = "-Onone";
			};
			name = Debug;
		};
		0794EAB926CBBC010039DCBD /* Release */ = {
			isa = XCBuildConfiguration;
			buildSettings = {
				ALWAYS_SEARCH_USER_PATHS = NO;
				CLANG_ANALYZER_NONNULL = YES;
				CLANG_ANALYZER_NUMBER_OBJECT_CONVERSION = YES_AGGRESSIVE;
				CLANG_CXX_LANGUAGE_STANDARD = "gnu++14";
				CLANG_CXX_LIBRARY = "libc++";
				CLANG_ENABLE_MODULES = YES;
				CLANG_ENABLE_OBJC_ARC = YES;
				CLANG_ENABLE_OBJC_WEAK = YES;
				CLANG_WARN_BLOCK_CAPTURE_AUTORELEASING = YES;
				CLANG_WARN_BOOL_CONVERSION = YES;
				CLANG_WARN_COMMA = YES;
				CLANG_WARN_CONSTANT_CONVERSION = YES;
				CLANG_WARN_DEPRECATED_OBJC_IMPLEMENTATIONS = YES;
				CLANG_WARN_DIRECT_OBJC_ISA_USAGE = YES_ERROR;
				CLANG_WARN_DOCUMENTATION_COMMENTS = YES;
				CLANG_WARN_EMPTY_BODY = YES;
				CLANG_WARN_ENUM_CONVERSION = YES;
				CLANG_WARN_INFINITE_RECURSION = YES;
				CLANG_WARN_INT_CONVERSION = YES;
				CLANG_WARN_NON_LITERAL_NULL_CONVERSION = YES;
				CLANG_WARN_OBJC_IMPLICIT_RETAIN_SELF = YES;
				CLANG_WARN_OBJC_LITERAL_CONVERSION = YES;
				CLANG_WARN_OBJC_ROOT_CLASS = YES_ERROR;
				CLANG_WARN_QUOTED_INCLUDE_IN_FRAMEWORK_HEADER = YES;
				CLANG_WARN_RANGE_LOOP_ANALYSIS = YES;
				CLANG_WARN_STRICT_PROTOTYPES = YES;
				CLANG_WARN_SUSPICIOUS_MOVE = YES;
				CLANG_WARN_UNGUARDED_AVAILABILITY = YES_AGGRESSIVE;
				CLANG_WARN_UNREACHABLE_CODE = YES;
				CLANG_WARN__DUPLICATE_METHOD_MATCH = YES;
				COPY_PHASE_STRIP = NO;
				DEBUG_INFORMATION_FORMAT = "dwarf-with-dsym";
				ENABLE_NS_ASSERTIONS = NO;
				ENABLE_STRICT_OBJC_MSGSEND = YES;
				GCC_C_LANGUAGE_STANDARD = gnu11;
				GCC_NO_COMMON_BLOCKS = YES;
				GCC_WARN_64_TO_32_BIT_CONVERSION = YES;
				GCC_WARN_ABOUT_RETURN_TYPE = YES_ERROR;
				GCC_WARN_UNDECLARED_SELECTOR = YES;
				GCC_WARN_UNINITIALIZED_AUTOS = YES_AGGRESSIVE;
				GCC_WARN_UNUSED_FUNCTION = YES;
				GCC_WARN_UNUSED_VARIABLE = YES;
				IPHONEOS_DEPLOYMENT_TARGET = 14.5;
				MTL_ENABLE_DEBUG_INFO = NO;
				MTL_FAST_MATH = YES;
				SDKROOT = iphoneos;
				SWIFT_COMPILATION_MODE = wholemodule;
				SWIFT_OPTIMIZATION_LEVEL = "-O";
				VALIDATE_PRODUCT = YES;
			};
			name = Release;
		};
		0794EABB26CBBC010039DCBD /* Debug */ = {
			isa = XCBuildConfiguration;
			buildSettings = {
				ASSETCATALOG_COMPILER_APPICON_NAME = AppIcon;
				ASSETCATALOG_COMPILER_GLOBAL_ACCENT_COLOR_NAME = AccentColor;
				CODE_SIGN_STYLE = Automatic;
				DEVELOPMENT_ASSET_PATHS = "\"training/Preview Content\"";
				ENABLE_PREVIEWS = YES;
				INFOPLIST_FILE = training/Info.plist;
				IPHONEOS_DEPLOYMENT_TARGET = 14.0;
				LD_RUNPATH_SEARCH_PATHS = (
					"$(inherited)",
					"@executable_path/Frameworks",
				);
				PRODUCT_BUNDLE_IDENTIFIER = "first-app.training";
				PRODUCT_NAME = "$(TARGET_NAME)";
				SWIFT_VERSION = 5.0;
				TARGETED_DEVICE_FAMILY = "1,2";
			};
			name = Debug;
		};
		0794EABC26CBBC010039DCBD /* Release */ = {
			isa = XCBuildConfiguration;
			buildSettings = {
				ASSETCATALOG_COMPILER_APPICON_NAME = AppIcon;
				ASSETCATALOG_COMPILER_GLOBAL_ACCENT_COLOR_NAME = AccentColor;
				CODE_SIGN_STYLE = Automatic;
				DEVELOPMENT_ASSET_PATHS = "\"training/Preview Content\"";
				ENABLE_PREVIEWS = YES;
				INFOPLIST_FILE = training/Info.plist;
				IPHONEOS_DEPLOYMENT_TARGET = 14.0;
				LD_RUNPATH_SEARCH_PATHS = (
					"$(inherited)",
					"@executable_path/Frameworks",
				);
				PRODUCT_BUNDLE_IDENTIFIER = "first-app.training";
				PRODUCT_NAME = "$(TARGET_NAME)";
				SWIFT_VERSION = 5.0;
				TARGETED_DEVICE_FAMILY = "1,2";
			};
			name = Release;
		};
		0794EABE26CBBC010039DCBD /* Debug */ = {
			isa = XCBuildConfiguration;
			buildSettings = {
				ALWAYS_EMBED_SWIFT_STANDARD_LIBRARIES = YES;
				BUNDLE_LOADER = "$(TEST_HOST)";
				CODE_SIGN_STYLE = Automatic;
				INFOPLIST_FILE = trainingTests/Info.plist;
				IPHONEOS_DEPLOYMENT_TARGET = 14.0;
				LD_RUNPATH_SEARCH_PATHS = (
					"$(inherited)",
					"@executable_path/Frameworks",
					"@loader_path/Frameworks",
				);
				PRODUCT_BUNDLE_IDENTIFIER = "first-app.trainingTests";
				PRODUCT_NAME = "$(TARGET_NAME)";
				SWIFT_VERSION = 5.0;
				TARGETED_DEVICE_FAMILY = "1,2";
				TEST_HOST = "$(BUILT_PRODUCTS_DIR)/training.app/training";
			};
			name = Debug;
		};
		0794EABF26CBBC010039DCBD /* Release */ = {
			isa = XCBuildConfiguration;
			buildSettings = {
				ALWAYS_EMBED_SWIFT_STANDARD_LIBRARIES = YES;
				BUNDLE_LOADER = "$(TEST_HOST)";
				CODE_SIGN_STYLE = Automatic;
				INFOPLIST_FILE = trainingTests/Info.plist;
				IPHONEOS_DEPLOYMENT_TARGET = 14.0;
				LD_RUNPATH_SEARCH_PATHS = (
					"$(inherited)",
					"@executable_path/Frameworks",
					"@loader_path/Frameworks",
				);
				PRODUCT_BUNDLE_IDENTIFIER = "first-app.trainingTests";
				PRODUCT_NAME = "$(TARGET_NAME)";
				SWIFT_VERSION = 5.0;
				TARGETED_DEVICE_FAMILY = "1,2";
				TEST_HOST = "$(BUILT_PRODUCTS_DIR)/training.app/training";
			};
			name = Release;
		};
		0794EAC126CBBC010039DCBD /* Debug */ = {
			isa = XCBuildConfiguration;
			buildSettings = {
				ALWAYS_EMBED_SWIFT_STANDARD_LIBRARIES = YES;
				CODE_SIGN_STYLE = Automatic;
				INFOPLIST_FILE = trainingUITests/Info.plist;
				LD_RUNPATH_SEARCH_PATHS = (
					"$(inherited)",
					"@executable_path/Frameworks",
					"@loader_path/Frameworks",
				);
				PRODUCT_BUNDLE_IDENTIFIER = "first-app.trainingUITests";
				PRODUCT_NAME = "$(TARGET_NAME)";
				SWIFT_VERSION = 5.0;
				TARGETED_DEVICE_FAMILY = "1,2";
				TEST_TARGET_NAME = training;
			};
			name = Debug;
		};
		0794EAC226CBBC010039DCBD /* Release */ = {
			isa = XCBuildConfiguration;
			buildSettings = {
				ALWAYS_EMBED_SWIFT_STANDARD_LIBRARIES = YES;
				CODE_SIGN_STYLE = Automatic;
				INFOPLIST_FILE = trainingUITests/Info.plist;
				LD_RUNPATH_SEARCH_PATHS = (
					"$(inherited)",
					"@executable_path/Frameworks",
					"@loader_path/Frameworks",
				);
				PRODUCT_BUNDLE_IDENTIFIER = "first-app.trainingUITests";
				PRODUCT_NAME = "$(TARGET_NAME)";
				SWIFT_VERSION = 5.0;
				TARGETED_DEVICE_FAMILY = "1,2";
				TEST_TARGET_NAME = training;
			};
			name = Release;
		};
/* End XCBuildConfiguration section */

/* Begin XCConfigurationList section */
		0794EA9026CBBC000039DCBD /* Build configuration list for PBXProject "training" */ = {
			isa = XCConfigurationList;
			buildConfigurations = (
				0794EAB826CBBC010039DCBD /* Debug */,
				0794EAB926CBBC010039DCBD /* Release */,
			);
			defaultConfigurationIsVisible = 0;
			defaultConfigurationName = Release;
		};
		0794EABA26CBBC010039DCBD /* Build configuration list for PBXNativeTarget "training" */ = {
			isa = XCConfigurationList;
			buildConfigurations = (
				0794EABB26CBBC010039DCBD /* Debug */,
				0794EABC26CBBC010039DCBD /* Release */,
			);
			defaultConfigurationIsVisible = 0;
			defaultConfigurationName = Release;
		};
		0794EABD26CBBC010039DCBD /* Build configuration list for PBXNativeTarget "trainingTests" */ = {
			isa = XCConfigurationList;
			buildConfigurations = (
				0794EABE26CBBC010039DCBD /* Debug */,
				0794EABF26CBBC010039DCBD /* Release */,
			);
			defaultConfigurationIsVisible = 0;
			defaultConfigurationName = Release;
		};
		0794EAC026CBBC010039DCBD /* Build configuration list for PBXNativeTarget "trainingUITests" */ = {
			isa = XCConfigurationList;
			buildConfigurations = (
				0794EAC126CBBC010039DCBD /* Debug */,
				0794EAC226CBBC010039DCBD /* Release */,
			);
			defaultConfigurationIsVisible = 0;
			defaultConfigurationName = Release;
		};
/* End XCConfigurationList section */
	};
	rootObject = 0794EA8D26CBBC000039DCBD /* Project object */;
}
